hash: e20a9e5ebf0f7fd20416cb0b6a9a52165f0bc1d5ddbb2361ec4197f259a35538
updated: 2017-09-06T16:39:45.226165372-04:00
imports:
- name: github.com/golang/glog
  version: 23def4e6c14b4da8ac2ed8007337bc5eb5007998
- name: github.com/jbenet/go-base58
  version: 6237cf65f3a6f7111cd8a42be3590df99a66bc7d
- name: github.com/multiformats/go-multiaddr
  version: 6addc7f583980ebb06b33b5c24b703b245c6984f
- name: github.com/multiformats/go-multihash
  version: f1ef5a02f28c862ca5a2037907cf76cc6c98dbf9
- name: github.com/spaolacci/murmur3
  version: 9f5d223c60793748f04a9d5b4b4eacddfc1f755d
- name: golang.org/x/crypto
  version: 81e90905daefcd6fd217b62423c0908922eadb30
  subpackages:
  - blake2b
  - blake2s
  - sha3
- name: leb.io/hashland
  version: e13accbe55f7fa03c73c74ace4cca4c425e47260
  subpackages:
  - keccakpg
testImports: []
